
Microsoft Visual Studio Solution File, Format Version 12.00
# Visual Studio 2013
VisualStudioVersion = 12.0.31101.0
MinimumVisualStudioVersion = 10.0.40219.1
Project("{FAE04EC0-301F-11D3-BF4B-00C04F79EFBC}") = "AmbientDbContextConsole", "AmbientDbContext\AmbientDbContextConsole.csproj", "{943B96DB-EE1D-4C88-A6C6-504F92B2E9A8}"
EndProject
Project("{FAE04EC0-301F-11D3-BF4B-00C04F79EFBC}") = "BLL", "BLL\BLL.csproj", "{0CB39D44-9692-4FF0-AA3A-E067945D3E17}"
EndProject
Project("{FAE04EC0-301F-11D3-BF4B-00C04F79EFBC}") = "DAL", "DAL\DAL.csproj", "{1E91894D-DF8D-4D38-88F3-CA7800742EE8}"
EndProject
Project("{2150E333-8FDC-42A3-9474-1A3956D46DE8}") = "Business logic", "Business logic", "{B438353F-0A70-45C6-939C-8A74737D50C2}"
EndProject
Project("{FAE04EC0-301F-11D3-BF4B-00C04F79EFBC}") = "BLL.Interface", "BLL.Interface\BLL.Interface.csproj", "{0702241C-5633-4B8D-971F-456FBFB502A6}"
EndProject
Project("{2150E333-8FDC-42A3-9474-1A3956D46DE8}") = "Domain", "Domain", "{9CEB785B-8395-43FE-BBD9-BB8C67F7DE20}"
EndProject
Project("{FAE04EC0-301F-11D3-BF4B-00C04F79EFBC}") = "DAL.Interface", "DAL.Interface\DAL.Interface.csproj", "{471F7A1B-06F0-4566-924D-2A551953797B}"
EndProject
Project("{2150E333-8FDC-42A3-9474-1A3956D46DE8}") = "Ambient DbContext", "Ambient DbContext", "{E0AA3D52-B347-4D4C-809D-EE43A64FC0D1}"
EndProject
Project("{FAE04EC0-301F-11D3-BF4B-00C04F79EFBC}") = "AmbientDbContext", "AmbientDbContext.cs\AmbientDbContext.csproj", "{7FBE5B26-2171-423E-8834-3EEDD37F045A}"
EndProject
Project("{FAE04EC0-301F-11D3-BF4B-00C04F79EFBC}") = "AmbientDbContext.Interface", "AmbientDbContext.Interface\AmbientDbContext.Interface.csproj", "{AED7172F-D212-4E4A-9197-5EA6B70D2384}"
EndProject
Project("{FAE04EC0-301F-11D3-BF4B-00C04F79EFBC}") = "ORM", "ORM\ORM.csproj", "{5A11C0DF-FB92-4FD3-8215-190FA2F9954B}"
EndProject
Global
	GlobalSection(SolutionConfigurationPlatforms) = preSolution
		Debug|Any CPU = Debug|Any CPU
		Release|Any CPU = Release|Any CPU
	EndGlobalSection
	GlobalSection(ProjectConfigurationPlatforms) = postSolution
		{943B96DB-EE1D-4C88-A6C6-504F92B2E9A8}.Debug|Any CPU.ActiveCfg = Debug|Any CPU
		{943B96DB-EE1D-4C88-A6C6-504F92B2E9A8}.Debug|Any CPU.Build.0 = Debug|Any CPU
		{943B96DB-EE1D-4C88-A6C6-504F92B2E9A8}.Release|Any CPU.ActiveCfg = Release|Any CPU
		{943B96DB-EE1D-4C88-A6C6-504F92B2E9A8}.Release|Any CPU.Build.0 = Release|Any CPU
		{0CB39D44-9692-4FF0-AA3A-E067945D3E17}.Debug|Any CPU.ActiveCfg = Debug|Any CPU
		{0CB39D44-9692-4FF0-AA3A-E067945D3E17}.Debug|Any CPU.Build.0 = Debug|Any CPU
		{0CB39D44-9692-4FF0-AA3A-E067945D3E17}.Release|Any CPU.ActiveCfg = Release|Any CPU
		{0CB39D44-9692-4FF0-AA3A-E067945D3E17}.Release|Any CPU.Build.0 = Release|Any CPU
		{1E91894D-DF8D-4D38-88F3-CA7800742EE8}.Debug|Any CPU.ActiveCfg = Debug|Any CPU
		{1E91894D-DF8D-4D38-88F3-CA7800742EE8}.Debug|Any CPU.Build.0 = Debug|Any CPU
		{1E91894D-DF8D-4D38-88F3-CA7800742EE8}.Release|Any CPU.ActiveCfg = Release|Any CPU
		{1E91894D-DF8D-4D38-88F3-CA7800742EE8}.Release|Any CPU.Build.0 = Release|Any CPU
		{0702241C-5633-4B8D-971F-456FBFB502A6}.Debug|Any CPU.ActiveCfg = Debug|Any CPU
		{0702241C-5633-4B8D-971F-456FBFB502A6}.Debug|Any CPU.Build.0 = Debug|Any CPU
		{0702241C-5633-4B8D-971F-456FBFB502A6}.Release|Any CPU.ActiveCfg = Release|Any CPU
		{0702241C-5633-4B8D-971F-456FBFB502A6}.Release|Any CPU.Build.0 = Release|Any CPU
		{471F7A1B-06F0-4566-924D-2A551953797B}.Debug|Any CPU.ActiveCfg = Debug|Any CPU
		{471F7A1B-06F0-4566-924D-2A551953797B}.Debug|Any CPU.Build.0 = Debug|Any CPU
		{471F7A1B-06F0-4566-924D-2A551953797B}.Release|Any CPU.ActiveCfg = Release|Any CPU
		{471F7A1B-06F0-4566-924D-2A551953797B}.Release|Any CPU.Build.0 = Release|Any CPU
		{7FBE5B26-2171-423E-8834-3EEDD37F045A}.Debug|Any CPU.ActiveCfg = Debug|Any CPU
		{7FBE5B26-2171-423E-8834-3EEDD37F045A}.Debug|Any CPU.Build.0 = Debug|Any CPU
		{7FBE5B26-2171-423E-8834-3EEDD37F045A}.Release|Any CPU.ActiveCfg = Release|Any CPU
		{7FBE5B26-2171-423E-8834-3EEDD37F045A}.Release|Any CPU.Build.0 = Release|Any CPU
		{AED7172F-D212-4E4A-9197-5EA6B70D2384}.Debug|Any CPU.ActiveCfg = Debug|Any CPU
		{AED7172F-D212-4E4A-9197-5EA6B70D2384}.Debug|Any CPU.Build.0 = Debug|Any CPU
		{AED7172F-D212-4E4A-9197-5EA6B70D2384}.Release|Any CPU.ActiveCfg = Release|Any CPU
		{AED7172F-D212-4E4A-9197-5EA6B70D2384}.Release|Any CPU.Build.0 = Release|Any CPU
		{5A11C0DF-FB92-4FD3-8215-190FA2F9954B}.Debug|Any CPU.ActiveCfg = Debug|Any CPU
		{5A11C0DF-FB92-4FD3-8215-190FA2F9954B}.Debug|Any CPU.Build.0 = Debug|Any CPU
		{5A11C0DF-FB92-4FD3-8215-190FA2F9954B}.Release|Any CPU.ActiveCfg = Release|Any CPU
		{5A11C0DF-FB92-4FD3-8215-190FA2F9954B}.Release|Any CPU.Build.0 = Release|Any CPU
	EndGlobalSection
	GlobalSection(SolutionProperties) = preSolution
		HideSolutionNode = FALSE
	EndGlobalSection
	GlobalSection(NestedProjects) = preSolution
		{0CB39D44-9692-4FF0-AA3A-E067945D3E17} = {B438353F-0A70-45C6-939C-8A74737D50C2}
		{1E91894D-DF8D-4D38-88F3-CA7800742EE8} = {9CEB785B-8395-43FE-BBD9-BB8C67F7DE20}
		{0702241C-5633-4B8D-971F-456FBFB502A6} = {B438353F-0A70-45C6-939C-8A74737D50C2}
		{471F7A1B-06F0-4566-924D-2A551953797B} = {9CEB785B-8395-43FE-BBD9-BB8C67F7DE20}
		{7FBE5B26-2171-423E-8834-3EEDD37F045A} = {E0AA3D52-B347-4D4C-809D-EE43A64FC0D1}
		{AED7172F-D212-4E4A-9197-5EA6B70D2384} = {E0AA3D52-B347-4D4C-809D-EE43A64FC0D1}
		{5A11C0DF-FB92-4FD3-8215-190FA2F9954B} = {9CEB785B-8395-43FE-BBD9-BB8C67F7DE20}
	EndGlobalSection
EndGlobal
